
Microsoft Visual Studio Solution File, Format Version 12.00
# Visual Studio Version 17
VisualStudioVersion = 17.8.34322.80
MinimumVisualStudioVersion = 10.0.40219.1
Project("{2150E333-8FDC-42A3-9474-1A3956D46DE8}") = "01-Presentation", "01-Presentation", "{293F65B8-E19F-4A86-86F2-FCF864B2B999}"
EndProject
Project("{2150E333-8FDC-42A3-9474-1A3956D46DE8}") = "02-Domain", "02-Domain", "{45CDECE4-71BA-40FC-B65A-A53AC80F85A9}"
EndProject
Project("{2150E333-8FDC-42A3-9474-1A3956D46DE8}") = "03-Infra", "03-Infra", "{C4A4DB16-76D9-4FCE-8B63-B552CCEAB66A}"
EndProject
Project("{9A19103F-16F7-4668-BE54-9A1E7A4F7556}") = "Guide.Variacao.Presentation", "Guide.Variacao.Presentation\Guide.Variacao.Presentation.csproj", "{B8AD3AED-1E43-4890-99FA-75D438175376}"
EndProject
Project("{9A19103F-16F7-4668-BE54-9A1E7A4F7556}") = "Guide.Variacao.Domain", "Guide.Variacao.Domain\Guide.Variacao.Domain.csproj", "{2D185114-CAAA-43A5-8768-B0ABB07922A4}"
EndProject
Project("{9A19103F-16F7-4668-BE54-9A1E7A4F7556}") = "Guide.Variacao.Infra", "Guide.Variacao.Infra\Guide.Variacao.Infra.csproj", "{3DA1971F-BD56-499E-BB83-16A98BC6604F}"
EndProject
Global
	GlobalSection(SolutionConfigurationPlatforms) = preSolution
		Debug|Any CPU = Debug|Any CPU
		Release|Any CPU = Release|Any CPU
	EndGlobalSection
	GlobalSection(ProjectConfigurationPlatforms) = postSolution
		{B8AD3AED-1E43-4890-99FA-75D438175376}.Debug|Any CPU.ActiveCfg = Debug|Any CPU
		{B8AD3AED-1E43-4890-99FA-75D438175376}.Debug|Any CPU.Build.0 = Debug|Any CPU
		{B8AD3AED-1E43-4890-99FA-75D438175376}.Release|Any CPU.ActiveCfg = Release|Any CPU
		{B8AD3AED-1E43-4890-99FA-75D438175376}.Release|Any CPU.Build.0 = Release|Any CPU
		{2D185114-CAAA-43A5-8768-B0ABB07922A4}.Debug|Any CPU.ActiveCfg = Debug|Any CPU
		{2D185114-CAAA-43A5-8768-B0ABB07922A4}.Debug|Any CPU.Build.0 = Debug|Any CPU
		{2D185114-CAAA-43A5-8768-B0ABB07922A4}.Release|Any CPU.ActiveCfg = Release|Any CPU
		{2D185114-CAAA-43A5-8768-B0ABB07922A4}.Release|Any CPU.Build.0 = Release|Any CPU
		{3DA1971F-BD56-499E-BB83-16A98BC6604F}.Debug|Any CPU.ActiveCfg = Debug|Any CPU
		{3DA1971F-BD56-499E-BB83-16A98BC6604F}.Debug|Any CPU.Build.0 = Debug|Any CPU
		{3DA1971F-BD56-499E-BB83-16A98BC6604F}.Release|Any CPU.ActiveCfg = Release|Any CPU
		{3DA1971F-BD56-499E-BB83-16A98BC6604F}.Release|Any CPU.Build.0 = Release|Any CPU
	EndGlobalSection
	GlobalSection(SolutionProperties) = preSolution
		HideSolutionNode = FALSE
	EndGlobalSection
	GlobalSection(NestedProjects) = preSolution
		{B8AD3AED-1E43-4890-99FA-75D438175376} = {293F65B8-E19F-4A86-86F2-FCF864B2B999}
		{2D185114-CAAA-43A5-8768-B0ABB07922A4} = {45CDECE4-71BA-40FC-B65A-A53AC80F85A9}
		{3DA1971F-BD56-499E-BB83-16A98BC6604F} = {C4A4DB16-76D9-4FCE-8B63-B552CCEAB66A}
	EndGlobalSection
	GlobalSection(ExtensibilityGlobals) = postSolution
		SolutionGuid = {4BBFB7C2-32F0-4AC4-9B77-A29B51D80EF8}
	EndGlobalSection
EndGlobal
